<Solution>
  <Configurations>
    <Platform Name="x64" />
  </Configurations>
  <Project Path="MineRewind.Tests/MineRewind.Tests.csproj">
    <Platform Solution="*|x64" Project="x64" />
  </Project>
  <Project Path="MineRewind/MineRewind.csproj">
    <Platform Solution="*|x64" Project="x64" />
  </Project>
</Solution>
